
Microsoft Visual Studio Solution File, Format Version 12.00
# Visual Studio Version 16
VisualStudioVersion = 16.0.30114.105
MinimumVisualStudioVersion = 10.0.40219.1
Project("{FAE04EC0-301F-11D3-BF4B-00C04F79EFBC}") = "R5T.L0005", "R5T.L0005\R5T.L0005.csproj", "{805FFB87-ED2F-44A4-AD43-F7F8B1E7D554}"
EndProject
Project("{FAE04EC0-301F-11D3-BF4B-00C04F79EFBC}") = "R5T.L0005.Construction", "R5T.L0005.Construction\R5T.L0005.Construction.csproj", "{47114DA3-C094-47A7-8457-5ADDD509C62C}"
EndProject
Project("{FAE04EC0-301F-11D3-BF4B-00C04F79EFBC}") = "R5T.L0005.Extensions", "R5T.L0005.Extensions\R5T.L0005.Extensions.csproj", "{28F8D116-3893-45BC-B25E-DA541CD79CFE}"
EndProject
Global
	GlobalSection(SolutionConfigurationPlatforms) = preSolution
		Debug|Any CPU = Debug|Any CPU
		Debug|x64 = Debug|x64
		Debug|x86 = Debug|x86
		Release|Any CPU = Release|Any CPU
		Release|x64 = Release|x64
		Release|x86 = Release|x86
	EndGlobalSection
	GlobalSection(SolutionProperties) = preSolution
		HideSolutionNode = FALSE
	EndGlobalSection
	GlobalSection(ProjectConfigurationPlatforms) = postSolution
		{805FFB87-ED2F-44A4-AD43-F7F8B1E7D554}.Debug|Any CPU.ActiveCfg = Debug|Any CPU
		{805FFB87-ED2F-44A4-AD43-F7F8B1E7D554}.Debug|Any CPU.Build.0 = Debug|Any CPU
		{805FFB87-ED2F-44A4-AD43-F7F8B1E7D554}.Debug|x64.ActiveCfg = Debug|Any CPU
		{805FFB87-ED2F-44A4-AD43-F7F8B1E7D554}.Debug|x64.Build.0 = Debug|Any CPU
		{805FFB87-ED2F-44A4-AD43-F7F8B1E7D554}.Debug|x86.ActiveCfg = Debug|Any CPU
		{805FFB87-ED2F-44A4-AD43-F7F8B1E7D554}.Debug|x86.Build.0 = Debug|Any CPU
		{805FFB87-ED2F-44A4-AD43-F7F8B1E7D554}.Release|Any CPU.ActiveCfg = Release|Any CPU
		{805FFB87-ED2F-44A4-AD43-F7F8B1E7D554}.Release|Any CPU.Build.0 = Release|Any CPU
		{805FFB87-ED2F-44A4-AD43-F7F8B1E7D554}.Release|x64.ActiveCfg = Release|Any CPU
		{805FFB87-ED2F-44A4-AD43-F7F8B1E7D554}.Release|x64.Build.0 = Release|Any CPU
		{805FFB87-ED2F-44A4-AD43-F7F8B1E7D554}.Release|x86.ActiveCfg = Release|Any CPU
		{805FFB87-ED2F-44A4-AD43-F7F8B1E7D554}.Release|x86.Build.0 = Release|Any CPU
		{47114DA3-C094-47A7-8457-5ADDD509C62C}.Debug|Any CPU.ActiveCfg = Debug|Any CPU
		{47114DA3-C094-47A7-8457-5ADDD509C62C}.Debug|Any CPU.Build.0 = Debug|Any CPU
		{47114DA3-C094-47A7-8457-5ADDD509C62C}.Debug|x64.ActiveCfg = Debug|Any CPU
		{47114DA3-C094-47A7-8457-5ADDD509C62C}.Debug|x64.Build.0 = Debug|Any CPU
		{47114DA3-C094-47A7-8457-5ADDD509C62C}.Debug|x86.ActiveCfg = Debug|Any CPU
		{47114DA3-C094-47A7-8457-5ADDD509C62C}.Debug|x86.Build.0 = Debug|Any CPU
		{47114DA3-C094-47A7-8457-5ADDD509C62C}.Release|Any CPU.ActiveCfg = Release|Any CPU
		{47114DA3-C094-47A7-8457-5ADDD509C62C}.Release|Any CPU.Build.0 = Release|Any CPU
		{47114DA3-C094-47A7-8457-5ADDD509C62C}.Release|x64.ActiveCfg = Release|Any CPU
		{47114DA3-C094-47A7-8457-5ADDD509C62C}.Release|x64.Build.0 = Release|Any CPU
		{47114DA3-C094-47A7-8457-5ADDD509C62C}.Release|x86.ActiveCfg = Release|Any CPU
		{47114DA3-C094-47A7-8457-5ADDD509C62C}.Release|x86.Build.0 = Release|Any CPU
		{28F8D116-3893-45BC-B25E-DA541CD79CFE}.Debug|Any CPU.ActiveCfg = Debug|Any CPU
		{28F8D116-3893-45BC-B25E-DA541CD79CFE}.Debug|Any CPU.Build.0 = Debug|Any CPU
		{28F8D116-3893-45BC-B25E-DA541CD79CFE}.Debug|x64.ActiveCfg = Debug|Any CPU
		{28F8D116-3893-45BC-B25E-DA541CD79CFE}.Debug|x64.Build.0 = Debug|Any CPU
		{28F8D116-3893-45BC-B25E-DA541CD79CFE}.Debug|x86.ActiveCfg = Debug|Any CPU
		{28F8D116-3893-45BC-B25E-DA541CD79CFE}.Debug|x86.Build.0 = Debug|Any CPU
		{28F8D116-3893-45BC-B25E-DA541CD79CFE}.Release|Any CPU.ActiveCfg = Release|Any CPU
		{28F8D116-3893-45BC-B25E-DA541CD79CFE}.Release|Any CPU.Build.0 = Release|Any CPU
		{28F8D116-3893-45BC-B25E-DA541CD79CFE}.Release|x64.ActiveCfg = Release|Any CPU
		{28F8D116-3893-45BC-B25E-DA541CD79CFE}.Release|x64.Build.0 = Release|Any CPU
		{28F8D116-3893-45BC-B25E-DA541CD79CFE}.Release|x86.ActiveCfg = Release|Any CPU
		{28F8D116-3893-45BC-B25E-DA541CD79CFE}.Release|x86.Build.0 = Release|Any CPU
	EndGlobalSection
EndGlobal
